
Microsoft Visual Studio Solution File, Format Version 12.00
# Visual Studio 15
VisualStudioVersion = 15.0.26124.0
MinimumVisualStudioVersion = 15.0.26124.0
Project("{9A19103F-16F7-4668-BE54-9A1E7A4F7556}") = "store-web", "store-web\store-web.csproj", "{D9BFCE27-9184-4770-882C-8FB47D13839B}"
EndProject
Project("{E53339B2-1760-4266-BCC7-CA923CBCF16C}") = "docker-compose", "docker-compose.dcproj", "{C2CA5C0B-B281-4888-A0CC-36504EF549BE}"
EndProject
Project("{2150E333-8FDC-42A3-9474-1A3956D46DE8}") = "Sales", "Sales", "{70A8E94C-539A-4A7D-B67C-2C2A0C8237CB}"
EndProject
Project("{2150E333-8FDC-42A3-9474-1A3956D46DE8}") = "Billing", "Billing", "{5B5CB9C6-3E7D-4DB7-AE30-4A3B189C5D5B}"
EndProject
Project("{2150E333-8FDC-42A3-9474-1A3956D46DE8}") = "Shipping", "Shipping", "{AE26D42D-0FA5-4069-937E-3A57D5C38227}"
EndProject
Project("{FAE04EC0-301F-11D3-BF4B-00C04F79EFBC}") = "Sales.Messages", "Sales.Messages\Sales.Messages.csproj", "{0475D6C8-70E1-43B9-B1A7-8416AAE1D699}"
EndProject
Global
	GlobalSection(SolutionConfigurationPlatforms) = preSolution
		Debug|Any CPU = Debug|Any CPU
		Release|Any CPU = Release|Any CPU
	EndGlobalSection
	GlobalSection(ProjectConfigurationPlatforms) = postSolution
		{D9BFCE27-9184-4770-882C-8FB47D13839B}.Debug|Any CPU.ActiveCfg = Debug|Any CPU
		{D9BFCE27-9184-4770-882C-8FB47D13839B}.Debug|Any CPU.Build.0 = Debug|Any CPU
		{D9BFCE27-9184-4770-882C-8FB47D13839B}.Release|Any CPU.ActiveCfg = Release|Any CPU
		{D9BFCE27-9184-4770-882C-8FB47D13839B}.Release|Any CPU.Build.0 = Release|Any CPU
		{C2CA5C0B-B281-4888-A0CC-36504EF549BE}.Debug|Any CPU.ActiveCfg = Debug|Any CPU
		{C2CA5C0B-B281-4888-A0CC-36504EF549BE}.Debug|Any CPU.Build.0 = Debug|Any CPU
		{C2CA5C0B-B281-4888-A0CC-36504EF549BE}.Release|Any CPU.ActiveCfg = Release|Any CPU
		{C2CA5C0B-B281-4888-A0CC-36504EF549BE}.Release|Any CPU.Build.0 = Release|Any CPU
		{0475D6C8-70E1-43B9-B1A7-8416AAE1D699}.Debug|Any CPU.ActiveCfg = Debug|Any CPU
		{0475D6C8-70E1-43B9-B1A7-8416AAE1D699}.Debug|Any CPU.Build.0 = Debug|Any CPU
		{0475D6C8-70E1-43B9-B1A7-8416AAE1D699}.Release|Any CPU.ActiveCfg = Release|Any CPU
		{0475D6C8-70E1-43B9-B1A7-8416AAE1D699}.Release|Any CPU.Build.0 = Release|Any CPU
	EndGlobalSection
	GlobalSection(SolutionProperties) = preSolution
		HideSolutionNode = FALSE
	EndGlobalSection
	GlobalSection(NestedProjects) = preSolution
		{0475D6C8-70E1-43B9-B1A7-8416AAE1D699} = {70A8E94C-539A-4A7D-B67C-2C2A0C8237CB}
	EndGlobalSection
	GlobalSection(ExtensibilityGlobals) = postSolution
		SolutionGuid = {314F41B0-7A48-40E3-B71C-7191CC707B26}
	EndGlobalSection
EndGlobal
